{
  "name": "@rhinehart514/founder-os",
  "version": "8.2.2",
  "lockfileVersion": 3,
  "requires": true,
  "packages": {
    "": {
      "name": "@rhinehart514/founder-os",
      "version": "8.2.2",
      "hasInstallScript": true,
      "license": "MIT",
      "bin": {
        "founder-os": "bin/install.sh"
      },
      "engines": {
        "node": ">=18"
      }
    }
  }
}
